
Microsoft Visual Studio Solution File, Format Version 12.00
# Visual Studio Version 17
VisualStudioVersion = 17.10.35122.118
MinimumVisualStudioVersion = 10.0.40219.1
Project("{9A19103F-16F7-4668-BE54-9A1E7A4F7556}") = "UseCases", "Application\UseCases.csproj", "{87AC576C-9637-48A5-B417-AD56AA6C70A6}"
EndProject
Project("{9A19103F-16F7-4668-BE54-9A1E7A4F7556}") = "DataAccess.MsSql", "DataAccess\DataAccess.MsSql.csproj", "{10F5B032-86BC-4921-BC89-A8CE3E0A2D1B}"
EndProject
Project("{9A19103F-16F7-4668-BE54-9A1E7A4F7556}") = "Entities", "Domain\Entities.csproj", "{1F64C964-B72C-43D5-AA84-44AD80EB552D}"
EndProject
Project("{9A19103F-16F7-4668-BE54-9A1E7A4F7556}") = "WebApp", "WebApp\WebApp.csproj", "{5CA2D84D-7605-4E06-9FC5-BDA035EE5881}"
EndProject
Project("{9A19103F-16F7-4668-BE54-9A1E7A4F7556}") = "Utils", "Utils\Utils.csproj", "{77A4A764-D385-4B9D-AEE3-AC90BE181D84}"
EndProject
Project("{9A19103F-16F7-4668-BE54-9A1E7A4F7556}") = "DomainServices.Interfaces", "DomainServices.Interfaces\DomainServices.Interfaces.csproj", "{C4993F58-2527-4980-8076-E26743434427}"
EndProject
Project("{9A19103F-16F7-4668-BE54-9A1E7A4F7556}") = "DomainServices.Implementation", "DomainServices.Implementation\DomainServices.Implementation.csproj", "{A43469B8-C9A0-471C-930B-F0B6C10BE29E}"
EndProject
Project("{2150E333-8FDC-42A3-9474-1A3956D46DE8}") = "Utils", "Utils", "{4CB054BF-FCD1-4EEB-8E87-6921BCBDCFF8}"
EndProject
Project("{2150E333-8FDC-42A3-9474-1A3956D46DE8}") = "Entities", "Entities", "{B90BE490-1B2F-4B74-B4C6-72B73B26BD11}"
EndProject
Project("{9A19103F-16F7-4668-BE54-9A1E7A4F7556}") = "DataAccess.Interfaces", "DataAccess.Interfaces\DataAccess.Interfaces.csproj", "{28495A48-6085-42F6-AE73-171473D52BDC}"
EndProject
Project("{2150E333-8FDC-42A3-9474-1A3956D46DE8}") = "Infrastructure.Interfaces", "Infrastructure.Interfaces", "{FEE245C9-D1CB-47A7-B506-14A4548637BA}"
EndProject
Project("{2150E333-8FDC-42A3-9474-1A3956D46DE8}") = "Infrastructure.Implementation", "Infrastructure.Implementation", "{8532EDE3-3E79-419D-AAB1-51F46A57D85E}"
EndProject
Project("{9A19103F-16F7-4668-BE54-9A1E7A4F7556}") = "Email.Interfaces", "Email.Interfaces\Email.Interfaces.csproj", "{45E9C055-A388-4FC1-A4AF-595B950D4702}"
EndProject
Project("{9A19103F-16F7-4668-BE54-9A1E7A4F7556}") = "WebApp.Interfaces", "WebApp.Interfaces\WebApp.Interfaces.csproj", "{55CDE4FE-4550-4B36-8C31-223894ACC451}"
EndProject
Project("{9A19103F-16F7-4668-BE54-9A1E7A4F7556}") = "Email.Implementation", "Email.Implementation\Email.Implementation.csproj", "{401C086D-2B6C-4BA7-B1FA-0786D1B85EBB}"
EndProject
Project("{9A19103F-16F7-4668-BE54-9A1E7A4F7556}") = "ApplicationServices.Interfaces", "ApplicationServices.Interfaces\ApplicationServices.Interfaces.csproj", "{712A436B-5040-40DE-ABAB-D3F423324F27}"
EndProject
Project("{9A19103F-16F7-4668-BE54-9A1E7A4F7556}") = "ApplicationServices.Implementation", "ApplicationServices.Implementation\ApplicationServices.Implementation.csproj", "{EDEC6510-57C1-4751-806C-A383385F7804}"
EndProject
Project("{2150E333-8FDC-42A3-9474-1A3956D46DE8}") = "Application(UseCases)", "Application(UseCases)", "{8A29AF54-3363-43EF-AFCA-760544F0DB06}"
EndProject
Project("{9A19103F-16F7-4668-BE54-9A1E7A4F7556}") = "Controllers", "Controllers\Controllers.csproj", "{9C188CCF-DB42-402D-92EB-08D0F4FCEFA5}"
EndProject
Project("{FAE04EC0-301F-11D3-BF4B-00C04F79EFBC}") = "Delivery.Interfaces", "Delivery.Interfaces\Delivery.Interfaces.csproj", "{2A09D487-8A47-45B3-95A7-016F01D87EED}"
EndProject
Project("{FAE04EC0-301F-11D3-BF4B-00C04F79EFBC}") = "Delivery.Company", "Delivery.Company\Delivery.Company.csproj", "{0F67CC78-C6F0-49E6-A82A-D3A7E25CE5A6}"
EndProject
Global
	GlobalSection(SolutionConfigurationPlatforms) = preSolution
		Debug|Any CPU = Debug|Any CPU
		Release|Any CPU = Release|Any CPU
	EndGlobalSection
	GlobalSection(ProjectConfigurationPlatforms) = postSolution
		{87AC576C-9637-48A5-B417-AD56AA6C70A6}.Debug|Any CPU.ActiveCfg = Debug|Any CPU
		{87AC576C-9637-48A5-B417-AD56AA6C70A6}.Debug|Any CPU.Build.0 = Debug|Any CPU
		{87AC576C-9637-48A5-B417-AD56AA6C70A6}.Release|Any CPU.ActiveCfg = Release|Any CPU
		{87AC576C-9637-48A5-B417-AD56AA6C70A6}.Release|Any CPU.Build.0 = Release|Any CPU
		{10F5B032-86BC-4921-BC89-A8CE3E0A2D1B}.Debug|Any CPU.ActiveCfg = Debug|Any CPU
		{10F5B032-86BC-4921-BC89-A8CE3E0A2D1B}.Debug|Any CPU.Build.0 = Debug|Any CPU
		{10F5B032-86BC-4921-BC89-A8CE3E0A2D1B}.Release|Any CPU.ActiveCfg = Release|Any CPU
		{10F5B032-86BC-4921-BC89-A8CE3E0A2D1B}.Release|Any CPU.Build.0 = Release|Any CPU
		{1F64C964-B72C-43D5-AA84-44AD80EB552D}.Debug|Any CPU.ActiveCfg = Debug|Any CPU
		{1F64C964-B72C-43D5-AA84-44AD80EB552D}.Debug|Any CPU.Build.0 = Debug|Any CPU
		{1F64C964-B72C-43D5-AA84-44AD80EB552D}.Release|Any CPU.ActiveCfg = Release|Any CPU
		{1F64C964-B72C-43D5-AA84-44AD80EB552D}.Release|Any CPU.Build.0 = Release|Any CPU
		{5CA2D84D-7605-4E06-9FC5-BDA035EE5881}.Debug|Any CPU.ActiveCfg = Debug|Any CPU
		{5CA2D84D-7605-4E06-9FC5-BDA035EE5881}.Debug|Any CPU.Build.0 = Debug|Any CPU
		{5CA2D84D-7605-4E06-9FC5-BDA035EE5881}.Release|Any CPU.ActiveCfg = Release|Any CPU
		{5CA2D84D-7605-4E06-9FC5-BDA035EE5881}.Release|Any CPU.Build.0 = Release|Any CPU
		{77A4A764-D385-4B9D-AEE3-AC90BE181D84}.Debug|Any CPU.ActiveCfg = Debug|Any CPU
		{77A4A764-D385-4B9D-AEE3-AC90BE181D84}.Debug|Any CPU.Build.0 = Debug|Any CPU
		{77A4A764-D385-4B9D-AEE3-AC90BE181D84}.Release|Any CPU.ActiveCfg = Release|Any CPU
		{77A4A764-D385-4B9D-AEE3-AC90BE181D84}.Release|Any CPU.Build.0 = Release|Any CPU
		{C4993F58-2527-4980-8076-E26743434427}.Debug|Any CPU.ActiveCfg = Debug|Any CPU
		{C4993F58-2527-4980-8076-E26743434427}.Debug|Any CPU.Build.0 = Debug|Any CPU
		{C4993F58-2527-4980-8076-E26743434427}.Release|Any CPU.ActiveCfg = Release|Any CPU
		{C4993F58-2527-4980-8076-E26743434427}.Release|Any CPU.Build.0 = Release|Any CPU
		{A43469B8-C9A0-471C-930B-F0B6C10BE29E}.Debug|Any CPU.ActiveCfg = Debug|Any CPU
		{A43469B8-C9A0-471C-930B-F0B6C10BE29E}.Debug|Any CPU.Build.0 = Debug|Any CPU
		{A43469B8-C9A0-471C-930B-F0B6C10BE29E}.Release|Any CPU.ActiveCfg = Release|Any CPU
		{A43469B8-C9A0-471C-930B-F0B6C10BE29E}.Release|Any CPU.Build.0 = Release|Any CPU
		{28495A48-6085-42F6-AE73-171473D52BDC}.Debug|Any CPU.ActiveCfg = Debug|Any CPU
		{28495A48-6085-42F6-AE73-171473D52BDC}.Debug|Any CPU.Build.0 = Debug|Any CPU
		{28495A48-6085-42F6-AE73-171473D52BDC}.Release|Any CPU.ActiveCfg = Release|Any CPU
		{28495A48-6085-42F6-AE73-171473D52BDC}.Release|Any CPU.Build.0 = Release|Any CPU
		{45E9C055-A388-4FC1-A4AF-595B950D4702}.Debug|Any CPU.ActiveCfg = Debug|Any CPU
		{45E9C055-A388-4FC1-A4AF-595B950D4702}.Debug|Any CPU.Build.0 = Debug|Any CPU
		{45E9C055-A388-4FC1-A4AF-595B950D4702}.Release|Any CPU.ActiveCfg = Release|Any CPU
		{45E9C055-A388-4FC1-A4AF-595B950D4702}.Release|Any CPU.Build.0 = Release|Any CPU
		{55CDE4FE-4550-4B36-8C31-223894ACC451}.Debug|Any CPU.ActiveCfg = Debug|Any CPU
		{55CDE4FE-4550-4B36-8C31-223894ACC451}.Debug|Any CPU.Build.0 = Debug|Any CPU
		{55CDE4FE-4550-4B36-8C31-223894ACC451}.Release|Any CPU.ActiveCfg = Release|Any CPU
		{55CDE4FE-4550-4B36-8C31-223894ACC451}.Release|Any CPU.Build.0 = Release|Any CPU
		{401C086D-2B6C-4BA7-B1FA-0786D1B85EBB}.Debug|Any CPU.ActiveCfg = Debug|Any CPU
		{401C086D-2B6C-4BA7-B1FA-0786D1B85EBB}.Debug|Any CPU.Build.0 = Debug|Any CPU
		{401C086D-2B6C-4BA7-B1FA-0786D1B85EBB}.Release|Any CPU.ActiveCfg = Release|Any CPU
		{401C086D-2B6C-4BA7-B1FA-0786D1B85EBB}.Release|Any CPU.Build.0 = Release|Any CPU
		{712A436B-5040-40DE-ABAB-D3F423324F27}.Debug|Any CPU.ActiveCfg = Debug|Any CPU
		{712A436B-5040-40DE-ABAB-D3F423324F27}.Debug|Any CPU.Build.0 = Debug|Any CPU
		{712A436B-5040-40DE-ABAB-D3F423324F27}.Release|Any CPU.ActiveCfg = Release|Any CPU
		{712A436B-5040-40DE-ABAB-D3F423324F27}.Release|Any CPU.Build.0 = Release|Any CPU
		{EDEC6510-57C1-4751-806C-A383385F7804}.Debug|Any CPU.ActiveCfg = Debug|Any CPU
		{EDEC6510-57C1-4751-806C-A383385F7804}.Debug|Any CPU.Build.0 = Debug|Any CPU
		{EDEC6510-57C1-4751-806C-A383385F7804}.Release|Any CPU.ActiveCfg = Release|Any CPU
		{EDEC6510-57C1-4751-806C-A383385F7804}.Release|Any CPU.Build.0 = Release|Any CPU
		{9C188CCF-DB42-402D-92EB-08D0F4FCEFA5}.Debug|Any CPU.ActiveCfg = Debug|Any CPU
		{9C188CCF-DB42-402D-92EB-08D0F4FCEFA5}.Debug|Any CPU.Build.0 = Debug|Any CPU
		{9C188CCF-DB42-402D-92EB-08D0F4FCEFA5}.Release|Any CPU.ActiveCfg = Release|Any CPU
		{9C188CCF-DB42-402D-92EB-08D0F4FCEFA5}.Release|Any CPU.Build.0 = Release|Any CPU
		{2A09D487-8A47-45B3-95A7-016F01D87EED}.Debug|Any CPU.ActiveCfg = Debug|Any CPU
		{2A09D487-8A47-45B3-95A7-016F01D87EED}.Debug|Any CPU.Build.0 = Debug|Any CPU
		{2A09D487-8A47-45B3-95A7-016F01D87EED}.Release|Any CPU.ActiveCfg = Release|Any CPU
		{2A09D487-8A47-45B3-95A7-016F01D87EED}.Release|Any CPU.Build.0 = Release|Any CPU
		{0F67CC78-C6F0-49E6-A82A-D3A7E25CE5A6}.Debug|Any CPU.ActiveCfg = Debug|Any CPU
		{0F67CC78-C6F0-49E6-A82A-D3A7E25CE5A6}.Debug|Any CPU.Build.0 = Debug|Any CPU
		{0F67CC78-C6F0-49E6-A82A-D3A7E25CE5A6}.Release|Any CPU.ActiveCfg = Release|Any CPU
		{0F67CC78-C6F0-49E6-A82A-D3A7E25CE5A6}.Release|Any CPU.Build.0 = Release|Any CPU
	EndGlobalSection
	GlobalSection(SolutionProperties) = preSolution
		HideSolutionNode = FALSE
	EndGlobalSection
	GlobalSection(NestedProjects) = preSolution
		{87AC576C-9637-48A5-B417-AD56AA6C70A6} = {8A29AF54-3363-43EF-AFCA-760544F0DB06}
		{10F5B032-86BC-4921-BC89-A8CE3E0A2D1B} = {8532EDE3-3E79-419D-AAB1-51F46A57D85E}
		{1F64C964-B72C-43D5-AA84-44AD80EB552D} = {B90BE490-1B2F-4B74-B4C6-72B73B26BD11}
		{77A4A764-D385-4B9D-AEE3-AC90BE181D84} = {4CB054BF-FCD1-4EEB-8E87-6921BCBDCFF8}
		{C4993F58-2527-4980-8076-E26743434427} = {B90BE490-1B2F-4B74-B4C6-72B73B26BD11}
		{A43469B8-C9A0-471C-930B-F0B6C10BE29E} = {B90BE490-1B2F-4B74-B4C6-72B73B26BD11}
		{28495A48-6085-42F6-AE73-171473D52BDC} = {FEE245C9-D1CB-47A7-B506-14A4548637BA}
		{45E9C055-A388-4FC1-A4AF-595B950D4702} = {FEE245C9-D1CB-47A7-B506-14A4548637BA}
		{55CDE4FE-4550-4B36-8C31-223894ACC451} = {FEE245C9-D1CB-47A7-B506-14A4548637BA}
		{401C086D-2B6C-4BA7-B1FA-0786D1B85EBB} = {8532EDE3-3E79-419D-AAB1-51F46A57D85E}
		{712A436B-5040-40DE-ABAB-D3F423324F27} = {8A29AF54-3363-43EF-AFCA-760544F0DB06}
		{EDEC6510-57C1-4751-806C-A383385F7804} = {8A29AF54-3363-43EF-AFCA-760544F0DB06}
		{2A09D487-8A47-45B3-95A7-016F01D87EED} = {FEE245C9-D1CB-47A7-B506-14A4548637BA}
		{0F67CC78-C6F0-49E6-A82A-D3A7E25CE5A6} = {8532EDE3-3E79-419D-AAB1-51F46A57D85E}
	EndGlobalSection
	GlobalSection(ExtensibilityGlobals) = postSolution
		SolutionGuid = {AA886F4D-20CE-495D-AD9D-3917EB21B4B9}
	EndGlobalSection
EndGlobal
